PODS:
  - Flutter (1.0.0)
  - show_qrcode (0.0.1):
    - Flutter

DEPENDENCIES:
  - Flutter (from `.symlinks/flutter/ios`)
  - show_qrcode (from `.symlinks/plugins/show_qrcode/ios`)

EXTERNAL SOURCES:
  Flutter:
    :path: ".symlinks/flutter/ios"
  show_qrcode:
    :path: ".symlinks/plugins/show_qrcode/ios"

SPEC CHECKSUMS:
  Flutter: 58dd7d1b27887414a370fcccb9e645c08ffd7a6a
  show_qrcode: a26a6de0db245a27507df0ff525c3d6c70e7c04f

PODFILE CHECKSUM: b6a0a141693093b304368d08511b46cf3d1d0ac5

COCOAPODS: 1.7.5
